
Microsoft Visual Studio Solution File, Format Version 12.00
# Visual Studio Version 17
VisualStudioVersion = 17.0.31903.59
MinimumVisualStudioVersion = 10.0.40219.1
Project("{FAE04EC0-301F-11D3-BF4B-00C04F79EFBC}") = "TicTacToe.Core", "TicTacToe.Core\TicTacToe.Core.csproj", "{E626C7B9-A1BA-4BAB-A45D-12C16A8A6201}"
EndProject
Project("{FAE04EC0-301F-11D3-BF4B-00C04F79EFBC}") = "TicTacToe.Application", "TicTacToe.Application\TicTacToe.Application.csproj", "{6C30A2B4-BA6E-49AA-B7AE-55B4DA4AD456}"
EndProject
Project("{FAE04EC0-301F-11D3-BF4B-00C04F79EFBC}") = "TicTacToe.Infrastructure", "TicTacToe.Infrastructure\TicTacToe.Infrastructure.csproj", "{63468CEB-7FAF-45D2-9089-B54A0CEFFD78}"
EndProject
Project("{FAE04EC0-301F-11D3-BF4B-00C04F79EFBC}") = "TicTacToe.ConsoleUI", "TicTacToe.ConsoleUI\TicTacToe.ConsoleUI.csproj", "{1AB4D3BF-09DD-4732-B55E-B272F12CCD64}"
EndProject
Project("{FAE04EC0-301F-11D3-BF4B-00C04F79EFBC}") = "TicTacToe.Tests", "TicTacToe.Tests\TicTacToe.Tests.csproj", "{558B032B-7D60-456D-81C0-3984A7B7CB44}"
EndProject
Global
	GlobalSection(SolutionConfigurationPlatforms) = preSolution
		Debug|Any CPU = Debug|Any CPU
		Debug|x64 = Debug|x64
		Debug|x86 = Debug|x86
		Release|Any CPU = Release|Any CPU
		Release|x64 = Release|x64
		Release|x86 = Release|x86
	EndGlobalSection
	GlobalSection(ProjectConfigurationPlatforms) = postSolution
		{E626C7B9-A1BA-4BAB-A45D-12C16A8A6201}.Debug|Any CPU.ActiveCfg = Debug|Any CPU
		{E626C7B9-A1BA-4BAB-A45D-12C16A8A6201}.Debug|Any CPU.Build.0 = Debug|Any CPU
		{E626C7B9-A1BA-4BAB-A45D-12C16A8A6201}.Debug|x64.ActiveCfg = Debug|Any CPU
		{E626C7B9-A1BA-4BAB-A45D-12C16A8A6201}.Debug|x64.Build.0 = Debug|Any CPU
		{E626C7B9-A1BA-4BAB-A45D-12C16A8A6201}.Debug|x86.ActiveCfg = Debug|Any CPU
		{E626C7B9-A1BA-4BAB-A45D-12C16A8A6201}.Debug|x86.Build.0 = Debug|Any CPU
		{E626C7B9-A1BA-4BAB-A45D-12C16A8A6201}.Release|Any CPU.ActiveCfg = Release|Any CPU
		{E626C7B9-A1BA-4BAB-A45D-12C16A8A6201}.Release|Any CPU.Build.0 = Release|Any CPU
		{E626C7B9-A1BA-4BAB-A45D-12C16A8A6201}.Release|x64.ActiveCfg = Release|Any CPU
		{E626C7B9-A1BA-4BAB-A45D-12C16A8A6201}.Release|x64.Build.0 = Release|Any CPU
		{E626C7B9-A1BA-4BAB-A45D-12C16A8A6201}.Release|x86.ActiveCfg = Release|Any CPU
		{E626C7B9-A1BA-4BAB-A45D-12C16A8A6201}.Release|x86.Build.0 = Release|Any CPU
		{6C30A2B4-BA6E-49AA-B7AE-55B4DA4AD456}.Debug|Any CPU.ActiveCfg = Debug|Any CPU
		{6C30A2B4-BA6E-49AA-B7AE-55B4DA4AD456}.Debug|Any CPU.Build.0 = Debug|Any CPU
		{6C30A2B4-BA6E-49AA-B7AE-55B4DA4AD456}.Debug|x64.ActiveCfg = Debug|Any CPU
		{6C30A2B4-BA6E-49AA-B7AE-55B4DA4AD456}.Debug|x64.Build.0 = Debug|Any CPU
		{6C30A2B4-BA6E-49AA-B7AE-55B4DA4AD456}.Debug|x86.ActiveCfg = Debug|Any CPU
		{6C30A2B4-BA6E-49AA-B7AE-55B4DA4AD456}.Debug|x86.Build.0 = Debug|Any CPU
		{6C30A2B4-BA6E-49AA-B7AE-55B4DA4AD456}.Release|Any CPU.ActiveCfg = Release|Any CPU
		{6C30A2B4-BA6E-49AA-B7AE-55B4DA4AD456}.Release|Any CPU.Build.0 = Release|Any CPU
		{6C30A2B4-BA6E-49AA-B7AE-55B4DA4AD456}.Release|x64.ActiveCfg = Release|Any CPU
		{6C30A2B4-BA6E-49AA-B7AE-55B4DA4AD456}.Release|x64.Build.0 = Release|Any CPU
		{6C30A2B4-BA6E-49AA-B7AE-55B4DA4AD456}.Release|x86.ActiveCfg = Release|Any CPU
		{6C30A2B4-BA6E-49AA-B7AE-55B4DA4AD456}.Release|x86.Build.0 = Release|Any CPU
		{63468CEB-7FAF-45D2-9089-B54A0CEFFD78}.Debug|Any CPU.ActiveCfg = Debug|Any CPU
		{63468CEB-7FAF-45D2-9089-B54A0CEFFD78}.Debug|Any CPU.Build.0 = Debug|Any CPU
		{63468CEB-7FAF-45D2-9089-B54A0CEFFD78}.Debug|x64.ActiveCfg = Debug|Any CPU
		{63468CEB-7FAF-45D2-9089-B54A0CEFFD78}.Debug|x64.Build.0 = Debug|Any CPU
		{63468CEB-7FAF-45D2-9089-B54A0CEFFD78}.Debug|x86.ActiveCfg = Debug|Any CPU
		{63468CEB-7FAF-45D2-9089-B54A0CEFFD78}.Debug|x86.Build.0 = Debug|Any CPU
		{63468CEB-7FAF-45D2-9089-B54A0CEFFD78}.Release|Any CPU.ActiveCfg = Release|Any CPU
		{63468CEB-7FAF-45D2-9089-B54A0CEFFD78}.Release|Any CPU.Build.0 = Release|Any CPU
		{63468CEB-7FAF-45D2-9089-B54A0CEFFD78}.Release|x64.ActiveCfg = Release|Any CPU
		{63468CEB-7FAF-45D2-9089-B54A0CEFFD78}.Release|x64.Build.0 = Release|Any CPU
		{63468CEB-7FAF-45D2-9089-B54A0CEFFD78}.Release|x86.ActiveCfg = Release|Any CPU
		{63468CEB-7FAF-45D2-9089-B54A0CEFFD78}.Release|x86.Build.0 = Release|Any CPU
		{1AB4D3BF-09DD-4732-B55E-B272F12CCD64}.Debug|Any CPU.ActiveCfg = Debug|Any CPU
		{1AB4D3BF-09DD-4732-B55E-B272F12CCD64}.Debug|Any CPU.Build.0 = Debug|Any CPU
		{1AB4D3BF-09DD-4732-B55E-B272F12CCD64}.Debug|x64.ActiveCfg = Debug|Any CPU
		{1AB4D3BF-09DD-4732-B55E-B272F12CCD64}.Debug|x64.Build.0 = Debug|Any CPU
		{1AB4D3BF-09DD-4732-B55E-B272F12CCD64}.Debug|x86.ActiveCfg = Debug|Any CPU
		{1AB4D3BF-09DD-4732-B55E-B272F12CCD64}.Debug|x86.Build.0 = Debug|Any CPU
		{1AB4D3BF-09DD-4732-B55E-B272F12CCD64}.Release|Any CPU.ActiveCfg = Release|Any CPU
		{1AB4D3BF-09DD-4732-B55E-B272F12CCD64}.Release|Any CPU.Build.0 = Release|Any CPU
		{1AB4D3BF-09DD-4732-B55E-B272F12CCD64}.Release|x64.ActiveCfg = Release|Any CPU
		{1AB4D3BF-09DD-4732-B55E-B272F12CCD64}.Release|x64.Build.0 = Release|Any CPU
		{1AB4D3BF-09DD-4732-B55E-B272F12CCD64}.Release|x86.ActiveCfg = Release|Any CPU
		{1AB4D3BF-09DD-4732-B55E-B272F12CCD64}.Release|x86.Build.0 = Release|Any CPU
		{558B032B-7D60-456D-81C0-3984A7B7CB44}.Debug|Any CPU.ActiveCfg = Debug|Any CPU
		{558B032B-7D60-456D-81C0-3984A7B7CB44}.Debug|Any CPU.Build.0 = Debug|Any CPU
		{558B032B-7D60-456D-81C0-3984A7B7CB44}.Debug|x64.ActiveCfg = Debug|Any CPU
		{558B032B-7D60-456D-81C0-3984A7B7CB44}.Debug|x64.Build.0 = Debug|Any CPU
		{558B032B-7D60-456D-81C0-3984A7B7CB44}.Debug|x86.ActiveCfg = Debug|Any CPU
		{558B032B-7D60-456D-81C0-3984A7B7CB44}.Debug|x86.Build.0 = Debug|Any CPU
		{558B032B-7D60-456D-81C0-3984A7B7CB44}.Release|Any CPU.ActiveCfg = Release|Any CPU
		{558B032B-7D60-456D-81C0-3984A7B7CB44}.Release|Any CPU.Build.0 = Release|Any CPU
		{558B032B-7D60-456D-81C0-3984A7B7CB44}.Release|x64.ActiveCfg = Release|Any CPU
		{558B032B-7D60-456D-81C0-3984A7B7CB44}.Release|x64.Build.0 = Release|Any CPU
		{558B032B-7D60-456D-81C0-3984A7B7CB44}.Release|x86.ActiveCfg = Release|Any CPU
		{558B032B-7D60-456D-81C0-3984A7B7CB44}.Release|x86.Build.0 = Release|Any CPU
	EndGlobalSection
	GlobalSection(SolutionProperties) = preSolution
		HideSolutionNode = FALSE
	EndGlobalSection
EndGlobal
